<Solution>
  <Folder Name="/Adventures/">
    <Project Path="../Adventures.Foundation/src/Adventures.Data.NQuad/Adventures.Data.NQuad.csproj" />
    <Project Path="../Adventures.Foundation/src/Adventures.Data/Adventures.Data.csproj" />
    <Project Path="../Adventures.Foundation/src/Adventures.Identity/Adventures.Identity.csproj" />
    <Project Path="../Adventures.Foundation/src/Adventures.Security/Adventures.Security.csproj" />
  </Folder>
  <Folder Name="/Adventures/Tests/">
    <Project Path="../Adventures.Foundation/test/Adventures.Data.NQuad.Tests/Adventures.Data.NQuad.Tests.csproj" />
    <Project Path="../Adventures.Foundation/test/Adventures.Data.Tests/Adventures.Data.Tests.csproj" />
    <Project Path="../Adventures.Foundation/test/Adventures.Identity.Tests/Adventures.Identity.Tests.csproj" />
    <Project Path="../Adventures.Foundation/test/Adventures.Security.Tests/Adventures.Security.Tests.csproj" />
  </Folder>
  <Folder Name="/Apps/" />
  <Folder Name="/Apps/ai-blog-research/">
    <Project Path="AiBlogResearch.AppHost/AiBlogResearch.AppHost.csproj" />
    <Project Path="AiBlogResearch.ServiceDefaults/AiBlogResearch.ServiceDefaults.csproj" />
    <Project Path="client/ai-blog-research-ui/ai-blog-research-ui.client.esproj">
      <Build />
      <Deploy />
    </Project>
    <Project Path="src/AiBlogResearch.WebApi/AiBlogResearch.WebApi.csproj" />
    <Project Path="src/McpServer.WebApi/McpServer.WebApi.csproj" />
  </Folder>
  <Folder Name="/Apps/ai-blog-research/Tests/">
    <Project Path="test/AiBlogResearch.WebApi.Tests/AiBlogResearch.WebApi.Tests.csproj" />
    <Project Path="test/McpServer.WebApi.Tests/McpServer.WebApi.Tests.csproj" />
  </Folder>
  <Folder Name="/Poc/">
    <Project Path="../poc/nquad-end-to-end-poc/src/Poc.Api/Poc.Api.csproj" />
    <Project Path="../poc/nquad-end-to-end-poc/src/Poc/Poc.csproj" />
    <Project Path="../poc/nquad-end-to-end-poc/tests/Poc.Tests/Poc.Tests.csproj" />
  </Folder>
  <Folder Name="/Poc/NewFolder1/" />
  <Folder Name="/Solution/">
    <File Path="AGENTS.md" />
    <File Path="artifacts/solution-uml.jpg" />
    <File Path="LICENSE" />
    <File Path="README.md" />
  </Folder>
</Solution>
